github.com/Sorrow446/go-atomicparsley v0.0.0-20211012153315-7f4eb66fc632 h1:1DJunEVFRWSnKIny05t5EVwau24A1QU1YSv5S4UYrio=
github.com/Sorrow446/go-atomicparsley v0.0.0-20211012153315-7f4eb66fc632/go.mod h1:dWGMIMpDsyTf6ItCx1q635NV/UD+W6ybZkvN9wZ5emQ=
github.com/Sorrow446/go-atomicparsley v0.0.0-20211012153703-f06ecab14d71 h1:3/x3L31